
Microsoft Visual Studio Solution File, Format Version 12.00
# Visual Studio 14
VisualStudioVersion = 14.0.23107.0
MinimumVisualStudioVersion = 14.0.23107.0
Project("{2150E333-8FDC-42A3-9474-1A3956D46DE8}") = "PhysicsSample", "PhysicsSample", "{2D04A3B8-4DF5-49DE-A8DF-D8EE8F5699DC}"
	ProjectSection(SiliconStudioPackage) = preProject
		PhysicsSample/PhysicsSample.xkpkg = PhysicsSample/PhysicsSample.xkpkg
	EndProjectSection
EndProject
Project("{FAE04EC0-301F-11D3-BF4B-00C04F79EFBC}") = "PhysicsSample.Windows", "PhysicsSample\PhysicsSample.Windows\PhysicsSample.Windows.csproj", "{40BFEF4A-9B69-48CA-BBAF-C8E1C9CC8294}"
EndProject
Project("{FAE04EC0-301F-11D3-BF4B-00C04F79EFBC}") = "PhysicsSample.Game", "PhysicsSample\PhysicsSample.Game\PhysicsSample.Game.csproj", "{DD6CB9FA-F161-4173-9206-748845388E8B}"
EndProject
Global
	GlobalSection(SolutionConfigurationPlatforms) = preSolution
		AppStore|Any CPU = AppStore|Any CPU
		AppStore|Mixed Platforms = AppStore|Mixed Platforms
		AppStore|Windows = AppStore|Windows
		CoreCLR_Debug|Any CPU = CoreCLR_Debug|Any CPU
		CoreCLR_Debug|Mixed Platforms = CoreCLR_Debug|Mixed Platforms
		CoreCLR_Debug|Windows = CoreCLR_Debug|Windows
		CoreCLR_Release|Any CPU = CoreCLR_Release|Any CPU
		CoreCLR_Release|Mixed Platforms = CoreCLR_Release|Mixed Platforms
		CoreCLR_Release|Windows = CoreCLR_Release|Windows
		Debug|Any CPU = Debug|Any CPU
		Debug|Mixed Platforms = Debug|Mixed Platforms
		Debug|Windows = Debug|Windows
		Release|Any CPU = Release|Any CPU
		Release|Mixed Platforms = Release|Mixed Platforms
		Release|Windows = Release|Windows
		Testing|Any CPU = Testing|Any CPU
		Testing|Mixed Platforms = Testing|Mixed Platforms
		Testing|Windows = Testing|Windows
	EndGlobalSection
	GlobalSection(ProjectConfigurationPlatforms) = postSolution
		{40BFEF4A-9B69-48CA-BBAF-C8E1C9CC8294}.AppStore|Any CPU.ActiveCfg = AppStore|Any CPU
		{40BFEF4A-9B69-48CA-BBAF-C8E1C9CC8294}.AppStore|Any CPU.Build.0 = AppStore|Any CPU
		{40BFEF4A-9B69-48CA-BBAF-C8E1C9CC8294}.AppStore|Any CPU.Deploy.0 = AppStore|Any CPU
		{40BFEF4A-9B69-48CA-BBAF-C8E1C9CC8294}.AppStore|Mixed Platforms.ActiveCfg = AppStore|Any CPU
		{40BFEF4A-9B69-48CA-BBAF-C8E1C9CC8294}.AppStore|Mixed Platforms.Build.0 = AppStore|Any CPU
		{40BFEF4A-9B69-48CA-BBAF-C8E1C9CC8294}.AppStore|Mixed Platforms.Deploy.0 = AppStore|Any CPU
		{40BFEF4A-9B69-48CA-BBAF-C8E1C9CC8294}.AppStore|Windows.ActiveCfg = AppStore|Any CPU
		{40BFEF4A-9B69-48CA-BBAF-C8E1C9CC8294}.AppStore|Windows.Build.0 = AppStore|Any CPU
		{40BFEF4A-9B69-48CA-BBAF-C8E1C9CC8294}.AppStore|Windows.Deploy.0 = AppStore|Any CPU
		{40BFEF4A-9B69-48CA-BBAF-C8E1C9CC8294}.CoreCLR_Debug|Any CPU.ActiveCfg = CoreCLR_Debug|Any CPU
		{40BFEF4A-9B69-48CA-BBAF-C8E1C9CC8294}.CoreCLR_Debug|Any CPU.Build.0 = CoreCLR_Debug|Any CPU
		{40BFEF4A-9B69-48CA-BBAF-C8E1C9CC8294}.CoreCLR_Debug|Any CPU.Deploy.0 = CoreCLR_Debug|Any CPU
		{40BFEF4A-9B69-48CA-BBAF-C8E1C9CC8294}.CoreCLR_Debug|Mixed Platforms.ActiveCfg = CoreCLR_Debug|Any CPU
		{40BFEF4A-9B69-48CA-BBAF-C8E1C9CC8294}.CoreCLR_Debug|Mixed Platforms.Build.0 = CoreCLR_Debug|Any CPU
		{40BFEF4A-9B69-48CA-BBAF-C8E1C9CC8294}.CoreCLR_Debug|Mixed Platforms.Deploy.0 = CoreCLR_Debug|Any CPU
		{40BFEF4A-9B69-48CA-BBAF-C8E1C9CC8294}.CoreCLR_Debug|Windows.ActiveCfg = CoreCLR_Debug|Any CPU
		{40BFEF4A-9B69-48CA-BBAF-C8E1C9CC8294}.CoreCLR_Debug|Windows.Build.0 = CoreCLR_Debug|Any CPU
		{40BFEF4A-9B69-48CA-BBAF-C8E1C9CC8294}.CoreCLR_Debug|Windows.Deploy.0 = CoreCLR_Debug|Any CPU
		{40BFEF4A-9B69-48CA-BBAF-C8E1C9CC8294}.CoreCLR_Release|Any CPU.ActiveCfg = CoreCLR_Release|Any CPU
		{40BFEF4A-9B69-48CA-BBAF-C8E1C9CC8294}.CoreCLR_Release|Any CPU.Build.0 = CoreCLR_Release|Any CPU
		{40BFEF4A-9B69-48CA-BBAF-C8E1C9CC8294}.CoreCLR_Release|Any CPU.Deploy.0 = CoreCLR_Release|Any CPU
		{40BFEF4A-9B69-48CA-BBAF-C8E1C9CC8294}.CoreCLR_Release|Mixed Platforms.ActiveCfg = CoreCLR_Release|Any CPU
		{40BFEF4A-9B69-48CA-BBAF-C8E1C9CC8294}.CoreCLR_Release|Mixed Platforms.Build.0 = CoreCLR_Release|Any CPU
		{40BFEF4A-9B69-48CA-BBAF-C8E1C9CC8294}.CoreCLR_Release|Mixed Platforms.Deploy.0 = CoreCLR_Release|Any CPU
		{40BFEF4A-9B69-48CA-BBAF-C8E1C9CC8294}.CoreCLR_Release|Windows.ActiveCfg = CoreCLR_Release|Any CPU
		{40BFEF4A-9B69-48CA-BBAF-C8E1C9CC8294}.CoreCLR_Release|Windows.Build.0 = CoreCLR_Release|Any CPU
		{40BFEF4A-9B69-48CA-BBAF-C8E1C9CC8294}.CoreCLR_Release|Windows.Deploy.0 = CoreCLR_Release|Any CPU
		{40BFEF4A-9B69-48CA-BBAF-C8E1C9CC8294}.Debug|Any CPU.ActiveCfg = Debug|Any CPU
		{40BFEF4A-9B69-48CA-BBAF-C8E1C9CC8294}.Debug|Any CPU.Build.0 = Debug|Any CPU
		{40BFEF4A-9B69-48CA-BBAF-C8E1C9CC8294}.Debug|Any CPU.Deploy.0 = Debug|Any CPU
		{40BFEF4A-9B69-48CA-BBAF-C8E1C9CC8294}.Debug|Mixed Platforms.ActiveCfg = Debug|Any CPU
		{40BFEF4A-9B69-48CA-BBAF-C8E1C9CC8294}.Debug|Mixed Platforms.Build.0 = Debug|Any CPU
		{40BFEF4A-9B69-48CA-BBAF-C8E1C9CC8294}.Debug|Mixed Platforms.Deploy.0 = Debug|Any CPU
		{40BFEF4A-9B69-48CA-BBAF-C8E1C9CC8294}.Debug|Windows.ActiveCfg = Debug|Any CPU
		{40BFEF4A-9B69-48CA-BBAF-C8E1C9CC8294}.Debug|Windows.Build.0 = Debug|Any CPU
		{40BFEF4A-9B69-48CA-BBAF-C8E1C9CC8294}.Debug|Windows.Deploy.0 = Debug|Any CPU
		{40BFEF4A-9B69-48CA-BBAF-C8E1C9CC8294}.Release|Any CPU.ActiveCfg = Release|Any CPU
		{40BFEF4A-9B69-48CA-BBAF-C8E1C9CC8294}.Release|Any CPU.Build.0 = Release|Any CPU
		{40BFEF4A-9B69-48CA-BBAF-C8E1C9CC8294}.Release|Any CPU.Deploy.0 = Release|Any CPU
		{40BFEF4A-9B69-48CA-BBAF-C8E1C9CC8294}.Release|Mixed Platforms.ActiveCfg = Release|Any CPU
		{40BFEF4A-9B69-48CA-BBAF-C8E1C9CC8294}.Release|Mixed Platforms.Build.0 = Release|Any CPU
		{40BFEF4A-9B69-48CA-BBAF-C8E1C9CC8294}.Release|Mixed Platforms.Deploy.0 = Release|Any CPU
		{40BFEF4A-9B69-48CA-BBAF-C8E1C9CC8294}.Release|Windows.ActiveCfg = Release|Any CPU
		{40BFEF4A-9B69-48CA-BBAF-C8E1C9CC8294}.Release|Windows.Build.0 = Release|Any CPU
		{40BFEF4A-9B69-48CA-BBAF-C8E1C9CC8294}.Release|Windows.Deploy.0 = Release|Any CPU
		{40BFEF4A-9B69-48CA-BBAF-C8E1C9CC8294}.Testing|Any CPU.ActiveCfg = Testing|Any CPU
		{40BFEF4A-9B69-48CA-BBAF-C8E1C9CC8294}.Testing|Any CPU.Build.0 = Testing|Any CPU
		{40BFEF4A-9B69-48CA-BBAF-C8E1C9CC8294}.Testing|Any CPU.Deploy.0 = Testing|Any CPU
		{40BFEF4A-9B69-48CA-BBAF-C8E1C9CC8294}.Testing|Mixed Platforms.ActiveCfg = Testing|Any CPU
		{40BFEF4A-9B69-48CA-BBAF-C8E1C9CC8294}.Testing|Mixed Platforms.Build.0 = Testing|Any CPU
		{40BFEF4A-9B69-48CA-BBAF-C8E1C9CC8294}.Testing|Mixed Platforms.Deploy.0 = Testing|Any CPU
		{40BFEF4A-9B69-48CA-BBAF-C8E1C9CC8294}.Testing|Windows.ActiveCfg = Testing|Any CPU
		{40BFEF4A-9B69-48CA-BBAF-C8E1C9CC8294}.Testing|Windows.Build.0 = Testing|Any CPU
		{40BFEF4A-9B69-48CA-BBAF-C8E1C9CC8294}.Testing|Windows.Deploy.0 = Testing|Any CPU
		{DD6CB9FA-F161-4173-9206-748845388E8B}.AppStore|Any CPU.ActiveCfg = AppStore|Any CPU
		{DD6CB9FA-F161-4173-9206-748845388E8B}.AppStore|Any CPU.Build.0 = AppStore|Any CPU
		{DD6CB9FA-F161-4173-9206-748845388E8B}.AppStore|Mixed Platforms.ActiveCfg = AppStore|Any CPU
		{DD6CB9FA-F161-4173-9206-748845388E8B}.AppStore|Mixed Platforms.Build.0 = AppStore|Any CPU
		{DD6CB9FA-F161-4173-9206-748845388E8B}.AppStore|Windows.ActiveCfg = AppStore|Any CPU
		{DD6CB9FA-F161-4173-9206-748845388E8B}.AppStore|Windows.Build.0 = AppStore|Any CPU
		{DD6CB9FA-F161-4173-9206-748845388E8B}.CoreCLR_Debug|Any CPU.ActiveCfg = CoreCLR_Debug|Any CPU
		{DD6CB9FA-F161-4173-9206-748845388E8B}.CoreCLR_Debug|Any CPU.Build.0 = CoreCLR_Debug|Any CPU
		{DD6CB9FA-F161-4173-9206-748845388E8B}.CoreCLR_Debug|Mixed Platforms.ActiveCfg = CoreCLR_Debug|Any CPU
		{DD6CB9FA-F161-4173-9206-748845388E8B}.CoreCLR_Debug|Mixed Platforms.Build.0 = CoreCLR_Debug|Any CPU
		{DD6CB9FA-F161-4173-9206-748845388E8B}.CoreCLR_Debug|Windows.ActiveCfg = CoreCLR_Debug|Any CPU
		{DD6CB9FA-F161-4173-9206-748845388E8B}.CoreCLR_Debug|Windows.Build.0 = CoreCLR_Debug|Any CPU
		{DD6CB9FA-F161-4173-9206-748845388E8B}.CoreCLR_Release|Any CPU.ActiveCfg = CoreCLR_Release|Any CPU
		{DD6CB9FA-F161-4173-9206-748845388E8B}.CoreCLR_Release|Any CPU.Build.0 = CoreCLR_Release|Any CPU
		{DD6CB9FA-F161-4173-9206-748845388E8B}.CoreCLR_Release|Mixed Platforms.ActiveCfg = CoreCLR_Release|Any CPU
		{DD6CB9FA-F161-4173-9206-748845388E8B}.CoreCLR_Release|Mixed Platforms.Build.0 = CoreCLR_Release|Any CPU
		{DD6CB9FA-F161-4173-9206-748845388E8B}.CoreCLR_Release|Windows.ActiveCfg = CoreCLR_Release|Any CPU
		{DD6CB9FA-F161-4173-9206-748845388E8B}.CoreCLR_Release|Windows.Build.0 = CoreCLR_Release|Any CPU
		{DD6CB9FA-F161-4173-9206-748845388E8B}.Debug|Any CPU.ActiveCfg = Debug|Any CPU
		{DD6CB9FA-F161-4173-9206-748845388E8B}.Debug|Any CPU.Build.0 = Debug|Any CPU
		{DD6CB9FA-F161-4173-9206-748845388E8B}.Debug|Mixed Platforms.ActiveCfg = Debug|Any CPU
		{DD6CB9FA-F161-4173-9206-748845388E8B}.Debug|Mixed Platforms.Build.0 = Debug|Any CPU
		{DD6CB9FA-F161-4173-9206-748845388E8B}.Debug|Windows.ActiveCfg = Debug|Any CPU
		{DD6CB9FA-F161-4173-9206-748845388E8B}.Debug|Windows.Build.0 = Debug|Any CPU
		{DD6CB9FA-F161-4173-9206-748845388E8B}.Release|Any CPU.ActiveCfg = Release|Any CPU
		{DD6CB9FA-F161-4173-9206-748845388E8B}.Release|Any CPU.Build.0 = Release|Any CPU
		{DD6CB9FA-F161-4173-9206-748845388E8B}.Release|Mixed Platforms.ActiveCfg = Release|Any CPU
		{DD6CB9FA-F161-4173-9206-748845388E8B}.Release|Mixed Platforms.Build.0 = Release|Any CPU
		{DD6CB9FA-F161-4173-9206-748845388E8B}.Release|Windows.ActiveCfg = Release|Any CPU
		{DD6CB9FA-F161-4173-9206-748845388E8B}.Release|Windows.Build.0 = Release|Any CPU
		{DD6CB9FA-F161-4173-9206-748845388E8B}.Testing|Any CPU.ActiveCfg = Testing|Any CPU
		{DD6CB9FA-F161-4173-9206-748845388E8B}.Testing|Any CPU.Build.0 = Testing|Any CPU
		{DD6CB9FA-F161-4173-9206-748845388E8B}.Testing|Mixed Platforms.ActiveCfg = Testing|Any CPU
		{DD6CB9FA-F161-4173-9206-748845388E8B}.Testing|Mixed Platforms.Build.0 = Testing|Any CPU
		{DD6CB9FA-F161-4173-9206-748845388E8B}.Testing|Windows.ActiveCfg = Testing|Any CPU
		{DD6CB9FA-F161-4173-9206-748845388E8B}.Testing|Windows.Build.0 = Testing|Any CPU
	EndGlobalSection
	GlobalSection(NestedProjects) = preSolution
		{40BFEF4A-9B69-48CA-BBAF-C8E1C9CC8294} = {2D04A3B8-4DF5-49DE-A8DF-D8EE8F5699DC}
		{DD6CB9FA-F161-4173-9206-748845388E8B} = {2D04A3B8-4DF5-49DE-A8DF-D8EE8F5699DC}
	EndGlobalSection
EndGlobal
