
Microsoft Visual Studio Solution File, Format Version 12.00
# Visual Studio 14
VisualStudioVersion = 14.0.23107.0
MinimumVisualStudioVersion = 14.0.23107.0
Project("{2150E333-8FDC-42A3-9474-1A3956D46DE8}") = "Rapporter", "Rapporter", "{8079BD9C-E363-4E14-B871-50F0E5E32FBE}"
	ProjectSection(SiliconStudioPackage) = preProject
		Rapporter/Rapporter.xkpkg = Rapporter/Rapporter.xkpkg
	EndProjectSection
EndProject
Project("{FAE04EC0-301F-11D3-BF4B-00C04F79EFBC}") = "Rapporter.Windows", "Rapporter\Rapporter.Windows\Rapporter.Windows.csproj", "{C1ECFE35-4AA0-4223-9C08-9B10FDD993F0}"
EndProject
Project("{FAE04EC0-301F-11D3-BF4B-00C04F79EFBC}") = "Rapporter.Game", "Rapporter\Rapporter.Game\Rapporter.Game.csproj", "{89405C4C-D41A-4BBD-A72E-B452DA4E5853}"
EndProject
Global
	GlobalSection(SolutionConfigurationPlatforms) = preSolution
		AppStore|Any CPU = AppStore|Any CPU
		AppStore|Mixed Platforms = AppStore|Mixed Platforms
		AppStore|Windows = AppStore|Windows
		CoreCLR_Debug|Any CPU = CoreCLR_Debug|Any CPU
		CoreCLR_Debug|Mixed Platforms = CoreCLR_Debug|Mixed Platforms
		CoreCLR_Debug|Windows = CoreCLR_Debug|Windows
		CoreCLR_Release|Any CPU = CoreCLR_Release|Any CPU
		CoreCLR_Release|Mixed Platforms = CoreCLR_Release|Mixed Platforms
		CoreCLR_Release|Windows = CoreCLR_Release|Windows
		Debug|Any CPU = Debug|Any CPU
		Debug|Mixed Platforms = Debug|Mixed Platforms
		Debug|Windows = Debug|Windows
		Release|Any CPU = Release|Any CPU
		Release|Mixed Platforms = Release|Mixed Platforms
		Release|Windows = Release|Windows
		Testing|Any CPU = Testing|Any CPU
		Testing|Mixed Platforms = Testing|Mixed Platforms
		Testing|Windows = Testing|Windows
	EndGlobalSection
	GlobalSection(ProjectConfigurationPlatforms) = postSolution
		{C1ECFE35-4AA0-4223-9C08-9B10FDD993F0}.AppStore|Any CPU.ActiveCfg = AppStore|Any CPU
		{C1ECFE35-4AA0-4223-9C08-9B10FDD993F0}.AppStore|Any CPU.Build.0 = AppStore|Any CPU
		{C1ECFE35-4AA0-4223-9C08-9B10FDD993F0}.AppStore|Any CPU.Deploy.0 = AppStore|Any CPU
		{C1ECFE35-4AA0-4223-9C08-9B10FDD993F0}.AppStore|Mixed Platforms.ActiveCfg = AppStore|Any CPU
		{C1ECFE35-4AA0-4223-9C08-9B10FDD993F0}.AppStore|Mixed Platforms.Build.0 = AppStore|Any CPU
		{C1ECFE35-4AA0-4223-9C08-9B10FDD993F0}.AppStore|Mixed Platforms.Deploy.0 = AppStore|Any CPU
		{C1ECFE35-4AA0-4223-9C08-9B10FDD993F0}.AppStore|Windows.ActiveCfg = AppStore|Any CPU
		{C1ECFE35-4AA0-4223-9C08-9B10FDD993F0}.AppStore|Windows.Build.0 = AppStore|Any CPU
		{C1ECFE35-4AA0-4223-9C08-9B10FDD993F0}.AppStore|Windows.Deploy.0 = AppStore|Any CPU
		{C1ECFE35-4AA0-4223-9C08-9B10FDD993F0}.CoreCLR_Debug|Any CPU.ActiveCfg = CoreCLR_Debug|Any CPU
		{C1ECFE35-4AA0-4223-9C08-9B10FDD993F0}.CoreCLR_Debug|Any CPU.Build.0 = CoreCLR_Debug|Any CPU
		{C1ECFE35-4AA0-4223-9C08-9B10FDD993F0}.CoreCLR_Debug|Any CPU.Deploy.0 = CoreCLR_Debug|Any CPU
		{C1ECFE35-4AA0-4223-9C08-9B10FDD993F0}.CoreCLR_Debug|Mixed Platforms.ActiveCfg = CoreCLR_Debug|Any CPU
		{C1ECFE35-4AA0-4223-9C08-9B10FDD993F0}.CoreCLR_Debug|Mixed Platforms.Build.0 = CoreCLR_Debug|Any CPU
		{C1ECFE35-4AA0-4223-9C08-9B10FDD993F0}.CoreCLR_Debug|Mixed Platforms.Deploy.0 = CoreCLR_Debug|Any CPU
		{C1ECFE35-4AA0-4223-9C08-9B10FDD993F0}.CoreCLR_Debug|Windows.ActiveCfg = CoreCLR_Debug|Any CPU
		{C1ECFE35-4AA0-4223-9C08-9B10FDD993F0}.CoreCLR_Debug|Windows.Build.0 = CoreCLR_Debug|Any CPU
		{C1ECFE35-4AA0-4223-9C08-9B10FDD993F0}.CoreCLR_Debug|Windows.Deploy.0 = CoreCLR_Debug|Any CPU
		{C1ECFE35-4AA0-4223-9C08-9B10FDD993F0}.CoreCLR_Release|Any CPU.ActiveCfg = CoreCLR_Release|Any CPU
		{C1ECFE35-4AA0-4223-9C08-9B10FDD993F0}.CoreCLR_Release|Any CPU.Build.0 = CoreCLR_Release|Any CPU
		{C1ECFE35-4AA0-4223-9C08-9B10FDD993F0}.CoreCLR_Release|Any CPU.Deploy.0 = CoreCLR_Release|Any CPU
		{C1ECFE35-4AA0-4223-9C08-9B10FDD993F0}.CoreCLR_Release|Mixed Platforms.ActiveCfg = CoreCLR_Release|Any CPU
		{C1ECFE35-4AA0-4223-9C08-9B10FDD993F0}.CoreCLR_Release|Mixed Platforms.Build.0 = CoreCLR_Release|Any CPU
		{C1ECFE35-4AA0-4223-9C08-9B10FDD993F0}.CoreCLR_Release|Mixed Platforms.Deploy.0 = CoreCLR_Release|Any CPU
		{C1ECFE35-4AA0-4223-9C08-9B10FDD993F0}.CoreCLR_Release|Windows.ActiveCfg = CoreCLR_Release|Any CPU
		{C1ECFE35-4AA0-4223-9C08-9B10FDD993F0}.CoreCLR_Release|Windows.Build.0 = CoreCLR_Release|Any CPU
		{C1ECFE35-4AA0-4223-9C08-9B10FDD993F0}.CoreCLR_Release|Windows.Deploy.0 = CoreCLR_Release|Any CPU
		{C1ECFE35-4AA0-4223-9C08-9B10FDD993F0}.Debug|Any CPU.ActiveCfg = Debug|Any CPU
		{C1ECFE35-4AA0-4223-9C08-9B10FDD993F0}.Debug|Any CPU.Build.0 = Debug|Any CPU
		{C1ECFE35-4AA0-4223-9C08-9B10FDD993F0}.Debug|Any CPU.Deploy.0 = Debug|Any CPU
		{C1ECFE35-4AA0-4223-9C08-9B10FDD993F0}.Debug|Mixed Platforms.ActiveCfg = Debug|Any CPU
		{C1ECFE35-4AA0-4223-9C08-9B10FDD993F0}.Debug|Mixed Platforms.Build.0 = Debug|Any CPU
		{C1ECFE35-4AA0-4223-9C08-9B10FDD993F0}.Debug|Mixed Platforms.Deploy.0 = Debug|Any CPU
		{C1ECFE35-4AA0-4223-9C08-9B10FDD993F0}.Debug|Windows.ActiveCfg = Debug|Any CPU
		{C1ECFE35-4AA0-4223-9C08-9B10FDD993F0}.Debug|Windows.Build.0 = Debug|Any CPU
		{C1ECFE35-4AA0-4223-9C08-9B10FDD993F0}.Debug|Windows.Deploy.0 = Debug|Any CPU
		{C1ECFE35-4AA0-4223-9C08-9B10FDD993F0}.Release|Any CPU.ActiveCfg = Release|Any CPU
		{C1ECFE35-4AA0-4223-9C08-9B10FDD993F0}.Release|Any CPU.Build.0 = Release|Any CPU
		{C1ECFE35-4AA0-4223-9C08-9B10FDD993F0}.Release|Any CPU.Deploy.0 = Release|Any CPU
		{C1ECFE35-4AA0-4223-9C08-9B10FDD993F0}.Release|Mixed Platforms.ActiveCfg = Release|Any CPU
		{C1ECFE35-4AA0-4223-9C08-9B10FDD993F0}.Release|Mixed Platforms.Build.0 = Release|Any CPU
		{C1ECFE35-4AA0-4223-9C08-9B10FDD993F0}.Release|Mixed Platforms.Deploy.0 = Release|Any CPU
		{C1ECFE35-4AA0-4223-9C08-9B10FDD993F0}.Release|Windows.ActiveCfg = Release|Any CPU
		{C1ECFE35-4AA0-4223-9C08-9B10FDD993F0}.Release|Windows.Build.0 = Release|Any CPU
		{C1ECFE35-4AA0-4223-9C08-9B10FDD993F0}.Release|Windows.Deploy.0 = Release|Any CPU
		{C1ECFE35-4AA0-4223-9C08-9B10FDD993F0}.Testing|Any CPU.ActiveCfg = Testing|Any CPU
		{C1ECFE35-4AA0-4223-9C08-9B10FDD993F0}.Testing|Any CPU.Build.0 = Testing|Any CPU
		{C1ECFE35-4AA0-4223-9C08-9B10FDD993F0}.Testing|Any CPU.Deploy.0 = Testing|Any CPU
		{C1ECFE35-4AA0-4223-9C08-9B10FDD993F0}.Testing|Mixed Platforms.ActiveCfg = Testing|Any CPU
		{C1ECFE35-4AA0-4223-9C08-9B10FDD993F0}.Testing|Mixed Platforms.Build.0 = Testing|Any CPU
		{C1ECFE35-4AA0-4223-9C08-9B10FDD993F0}.Testing|Mixed Platforms.Deploy.0 = Testing|Any CPU
		{C1ECFE35-4AA0-4223-9C08-9B10FDD993F0}.Testing|Windows.ActiveCfg = Testing|Any CPU
		{C1ECFE35-4AA0-4223-9C08-9B10FDD993F0}.Testing|Windows.Build.0 = Testing|Any CPU
		{C1ECFE35-4AA0-4223-9C08-9B10FDD993F0}.Testing|Windows.Deploy.0 = Testing|Any CPU
		{89405C4C-D41A-4BBD-A72E-B452DA4E5853}.AppStore|Any CPU.ActiveCfg = AppStore|Any CPU
		{89405C4C-D41A-4BBD-A72E-B452DA4E5853}.AppStore|Any CPU.Build.0 = AppStore|Any CPU
		{89405C4C-D41A-4BBD-A72E-B452DA4E5853}.AppStore|Mixed Platforms.ActiveCfg = AppStore|Any CPU
		{89405C4C-D41A-4BBD-A72E-B452DA4E5853}.AppStore|Mixed Platforms.Build.0 = AppStore|Any CPU
		{89405C4C-D41A-4BBD-A72E-B452DA4E5853}.AppStore|Windows.ActiveCfg = AppStore|Any CPU
		{89405C4C-D41A-4BBD-A72E-B452DA4E5853}.AppStore|Windows.Build.0 = AppStore|Any CPU
		{89405C4C-D41A-4BBD-A72E-B452DA4E5853}.CoreCLR_Debug|Any CPU.ActiveCfg = CoreCLR_Debug|Any CPU
		{89405C4C-D41A-4BBD-A72E-B452DA4E5853}.CoreCLR_Debug|Any CPU.Build.0 = CoreCLR_Debug|Any CPU
		{89405C4C-D41A-4BBD-A72E-B452DA4E5853}.CoreCLR_Debug|Mixed Platforms.ActiveCfg = CoreCLR_Debug|Any CPU
		{89405C4C-D41A-4BBD-A72E-B452DA4E5853}.CoreCLR_Debug|Mixed Platforms.Build.0 = CoreCLR_Debug|Any CPU
		{89405C4C-D41A-4BBD-A72E-B452DA4E5853}.CoreCLR_Debug|Windows.ActiveCfg = CoreCLR_Debug|Any CPU
		{89405C4C-D41A-4BBD-A72E-B452DA4E5853}.CoreCLR_Debug|Windows.Build.0 = CoreCLR_Debug|Any CPU
		{89405C4C-D41A-4BBD-A72E-B452DA4E5853}.CoreCLR_Release|Any CPU.ActiveCfg = CoreCLR_Release|Any CPU
		{89405C4C-D41A-4BBD-A72E-B452DA4E5853}.CoreCLR_Release|Any CPU.Build.0 = CoreCLR_Release|Any CPU
		{89405C4C-D41A-4BBD-A72E-B452DA4E5853}.CoreCLR_Release|Mixed Platforms.ActiveCfg = CoreCLR_Release|Any CPU
		{89405C4C-D41A-4BBD-A72E-B452DA4E5853}.CoreCLR_Release|Mixed Platforms.Build.0 = CoreCLR_Release|Any CPU
		{89405C4C-D41A-4BBD-A72E-B452DA4E5853}.CoreCLR_Release|Windows.ActiveCfg = CoreCLR_Release|Any CPU
		{89405C4C-D41A-4BBD-A72E-B452DA4E5853}.CoreCLR_Release|Windows.Build.0 = CoreCLR_Release|Any CPU
		{89405C4C-D41A-4BBD-A72E-B452DA4E5853}.Debug|Any CPU.ActiveCfg = Debug|Any CPU
		{89405C4C-D41A-4BBD-A72E-B452DA4E5853}.Debug|Any CPU.Build.0 = Debug|Any CPU
		{89405C4C-D41A-4BBD-A72E-B452DA4E5853}.Debug|Mixed Platforms.ActiveCfg = Debug|Any CPU
		{89405C4C-D41A-4BBD-A72E-B452DA4E5853}.Debug|Mixed Platforms.Build.0 = Debug|Any CPU
		{89405C4C-D41A-4BBD-A72E-B452DA4E5853}.Debug|Windows.ActiveCfg = Debug|Any CPU
		{89405C4C-D41A-4BBD-A72E-B452DA4E5853}.Debug|Windows.Build.0 = Debug|Any CPU
		{89405C4C-D41A-4BBD-A72E-B452DA4E5853}.Release|Any CPU.ActiveCfg = Release|Any CPU
		{89405C4C-D41A-4BBD-A72E-B452DA4E5853}.Release|Any CPU.Build.0 = Release|Any CPU
		{89405C4C-D41A-4BBD-A72E-B452DA4E5853}.Release|Mixed Platforms.ActiveCfg = Release|Any CPU
		{89405C4C-D41A-4BBD-A72E-B452DA4E5853}.Release|Mixed Platforms.Build.0 = Release|Any CPU
		{89405C4C-D41A-4BBD-A72E-B452DA4E5853}.Release|Windows.ActiveCfg = Release|Any CPU
		{89405C4C-D41A-4BBD-A72E-B452DA4E5853}.Release|Windows.Build.0 = Release|Any CPU
		{89405C4C-D41A-4BBD-A72E-B452DA4E5853}.Testing|Any CPU.ActiveCfg = Testing|Any CPU
		{89405C4C-D41A-4BBD-A72E-B452DA4E5853}.Testing|Any CPU.Build.0 = Testing|Any CPU
		{89405C4C-D41A-4BBD-A72E-B452DA4E5853}.Testing|Mixed Platforms.ActiveCfg = Testing|Any CPU
		{89405C4C-D41A-4BBD-A72E-B452DA4E5853}.Testing|Mixed Platforms.Build.0 = Testing|Any CPU
		{89405C4C-D41A-4BBD-A72E-B452DA4E5853}.Testing|Windows.ActiveCfg = Testing|Any CPU
		{89405C4C-D41A-4BBD-A72E-B452DA4E5853}.Testing|Windows.Build.0 = Testing|Any CPU
	EndGlobalSection
	GlobalSection(NestedProjects) = preSolution
		{C1ECFE35-4AA0-4223-9C08-9B10FDD993F0} = {8079BD9C-E363-4E14-B871-50F0E5E32FBE}
		{89405C4C-D41A-4BBD-A72E-B452DA4E5853} = {8079BD9C-E363-4E14-B871-50F0E5E32FBE}
	EndGlobalSection
EndGlobal
