
Microsoft Visual Studio Solution File, Format Version 12.00
# Visual Studio 14
VisualStudioVersion = 14.0.23107.0
MinimumVisualStudioVersion = 14.0.23107.0
Project("{2150E333-8FDC-42A3-9474-1A3956D46DE8}") = "SimpleAudio", "SimpleAudio", "{42F767C2-0EAF-4E96-AF03-750FE6CCF93A}"
	ProjectSection(SiliconStudioPackage) = preProject
		SimpleAudio/SimpleAudio.xkpkg = SimpleAudio/SimpleAudio.xkpkg
	EndProjectSection
EndProject
Project("{FAE04EC0-301F-11D3-BF4B-00C04F79EFBC}") = "SimpleAudio.Windows", "SimpleAudio\SimpleAudio.Windows\SimpleAudio.Windows.csproj", "{CF7D4DD8-2936-4767-A1BF-907EC8DC0249}"
EndProject
Project("{FAE04EC0-301F-11D3-BF4B-00C04F79EFBC}") = "SimpleAudio.Game", "SimpleAudio\SimpleAudio.Game\SimpleAudio.Game.csproj", "{EB842E02-7B3C-4441-87B0-2F6CCD0A8C7F}"
EndProject
Global
	GlobalSection(SolutionConfigurationPlatforms) = preSolution
		AppStore|Any CPU = AppStore|Any CPU
		AppStore|Mixed Platforms = AppStore|Mixed Platforms
		AppStore|Windows = AppStore|Windows
		CoreCLR_Debug|Any CPU = CoreCLR_Debug|Any CPU
		CoreCLR_Debug|Mixed Platforms = CoreCLR_Debug|Mixed Platforms
		CoreCLR_Debug|Windows = CoreCLR_Debug|Windows
		CoreCLR_Release|Any CPU = CoreCLR_Release|Any CPU
		CoreCLR_Release|Mixed Platforms = CoreCLR_Release|Mixed Platforms
		CoreCLR_Release|Windows = CoreCLR_Release|Windows
		Debug|Any CPU = Debug|Any CPU
		Debug|Mixed Platforms = Debug|Mixed Platforms
		Debug|Windows = Debug|Windows
		Release|Any CPU = Release|Any CPU
		Release|Mixed Platforms = Release|Mixed Platforms
		Release|Windows = Release|Windows
		Testing|Any CPU = Testing|Any CPU
		Testing|Mixed Platforms = Testing|Mixed Platforms
		Testing|Windows = Testing|Windows
	EndGlobalSection
	GlobalSection(ProjectConfigurationPlatforms) = postSolution
		{CF7D4DD8-2936-4767-A1BF-907EC8DC0249}.AppStore|Any CPU.ActiveCfg = AppStore|Any CPU
		{CF7D4DD8-2936-4767-A1BF-907EC8DC0249}.AppStore|Any CPU.Build.0 = AppStore|Any CPU
		{CF7D4DD8-2936-4767-A1BF-907EC8DC0249}.AppStore|Any CPU.Deploy.0 = AppStore|Any CPU
		{CF7D4DD8-2936-4767-A1BF-907EC8DC0249}.AppStore|Mixed Platforms.ActiveCfg = AppStore|Any CPU
		{CF7D4DD8-2936-4767-A1BF-907EC8DC0249}.AppStore|Mixed Platforms.Build.0 = AppStore|Any CPU
		{CF7D4DD8-2936-4767-A1BF-907EC8DC0249}.AppStore|Mixed Platforms.Deploy.0 = AppStore|Any CPU
		{CF7D4DD8-2936-4767-A1BF-907EC8DC0249}.AppStore|Windows.ActiveCfg = AppStore|Any CPU
		{CF7D4DD8-2936-4767-A1BF-907EC8DC0249}.AppStore|Windows.Build.0 = AppStore|Any CPU
		{CF7D4DD8-2936-4767-A1BF-907EC8DC0249}.AppStore|Windows.Deploy.0 = AppStore|Any CPU
		{CF7D4DD8-2936-4767-A1BF-907EC8DC0249}.CoreCLR_Debug|Any CPU.ActiveCfg = CoreCLR_Debug|Any CPU
		{CF7D4DD8-2936-4767-A1BF-907EC8DC0249}.CoreCLR_Debug|Any CPU.Build.0 = CoreCLR_Debug|Any CPU
		{CF7D4DD8-2936-4767-A1BF-907EC8DC0249}.CoreCLR_Debug|Any CPU.Deploy.0 = CoreCLR_Debug|Any CPU
		{CF7D4DD8-2936-4767-A1BF-907EC8DC0249}.CoreCLR_Debug|Mixed Platforms.ActiveCfg = CoreCLR_Debug|Any CPU
		{CF7D4DD8-2936-4767-A1BF-907EC8DC0249}.CoreCLR_Debug|Mixed Platforms.Build.0 = CoreCLR_Debug|Any CPU
		{CF7D4DD8-2936-4767-A1BF-907EC8DC0249}.CoreCLR_Debug|Mixed Platforms.Deploy.0 = CoreCLR_Debug|Any CPU
		{CF7D4DD8-2936-4767-A1BF-907EC8DC0249}.CoreCLR_Debug|Windows.ActiveCfg = CoreCLR_Debug|Any CPU
		{CF7D4DD8-2936-4767-A1BF-907EC8DC0249}.CoreCLR_Debug|Windows.Build.0 = CoreCLR_Debug|Any CPU
		{CF7D4DD8-2936-4767-A1BF-907EC8DC0249}.CoreCLR_Debug|Windows.Deploy.0 = CoreCLR_Debug|Any CPU
		{CF7D4DD8-2936-4767-A1BF-907EC8DC0249}.CoreCLR_Release|Any CPU.ActiveCfg = CoreCLR_Release|Any CPU
		{CF7D4DD8-2936-4767-A1BF-907EC8DC0249}.CoreCLR_Release|Any CPU.Build.0 = CoreCLR_Release|Any CPU
		{CF7D4DD8-2936-4767-A1BF-907EC8DC0249}.CoreCLR_Release|Any CPU.Deploy.0 = CoreCLR_Release|Any CPU
		{CF7D4DD8-2936-4767-A1BF-907EC8DC0249}.CoreCLR_Release|Mixed Platforms.ActiveCfg = CoreCLR_Release|Any CPU
		{CF7D4DD8-2936-4767-A1BF-907EC8DC0249}.CoreCLR_Release|Mixed Platforms.Build.0 = CoreCLR_Release|Any CPU
		{CF7D4DD8-2936-4767-A1BF-907EC8DC0249}.CoreCLR_Release|Mixed Platforms.Deploy.0 = CoreCLR_Release|Any CPU
		{CF7D4DD8-2936-4767-A1BF-907EC8DC0249}.CoreCLR_Release|Windows.ActiveCfg = CoreCLR_Release|Any CPU
		{CF7D4DD8-2936-4767-A1BF-907EC8DC0249}.CoreCLR_Release|Windows.Build.0 = CoreCLR_Release|Any CPU
		{CF7D4DD8-2936-4767-A1BF-907EC8DC0249}.CoreCLR_Release|Windows.Deploy.0 = CoreCLR_Release|Any CPU
		{CF7D4DD8-2936-4767-A1BF-907EC8DC0249}.Debug|Any CPU.ActiveCfg = Debug|Any CPU
		{CF7D4DD8-2936-4767-A1BF-907EC8DC0249}.Debug|Any CPU.Build.0 = Debug|Any CPU
		{CF7D4DD8-2936-4767-A1BF-907EC8DC0249}.Debug|Any CPU.Deploy.0 = Debug|Any CPU
		{CF7D4DD8-2936-4767-A1BF-907EC8DC0249}.Debug|Mixed Platforms.ActiveCfg = Debug|Any CPU
		{CF7D4DD8-2936-4767-A1BF-907EC8DC0249}.Debug|Mixed Platforms.Build.0 = Debug|Any CPU
		{CF7D4DD8-2936-4767-A1BF-907EC8DC0249}.Debug|Mixed Platforms.Deploy.0 = Debug|Any CPU
		{CF7D4DD8-2936-4767-A1BF-907EC8DC0249}.Debug|Windows.ActiveCfg = Debug|Any CPU
		{CF7D4DD8-2936-4767-A1BF-907EC8DC0249}.Debug|Windows.Build.0 = Debug|Any CPU
		{CF7D4DD8-2936-4767-A1BF-907EC8DC0249}.Debug|Windows.Deploy.0 = Debug|Any CPU
		{CF7D4DD8-2936-4767-A1BF-907EC8DC0249}.Release|Any CPU.ActiveCfg = Release|Any CPU
		{CF7D4DD8-2936-4767-A1BF-907EC8DC0249}.Release|Any CPU.Build.0 = Release|Any CPU
		{CF7D4DD8-2936-4767-A1BF-907EC8DC0249}.Release|Any CPU.Deploy.0 = Release|Any CPU
		{CF7D4DD8-2936-4767-A1BF-907EC8DC0249}.Release|Mixed Platforms.ActiveCfg = Release|Any CPU
		{CF7D4DD8-2936-4767-A1BF-907EC8DC0249}.Release|Mixed Platforms.Build.0 = Release|Any CPU
		{CF7D4DD8-2936-4767-A1BF-907EC8DC0249}.Release|Mixed Platforms.Deploy.0 = Release|Any CPU
		{CF7D4DD8-2936-4767-A1BF-907EC8DC0249}.Release|Windows.ActiveCfg = Release|Any CPU
		{CF7D4DD8-2936-4767-A1BF-907EC8DC0249}.Release|Windows.Build.0 = Release|Any CPU
		{CF7D4DD8-2936-4767-A1BF-907EC8DC0249}.Release|Windows.Deploy.0 = Release|Any CPU
		{CF7D4DD8-2936-4767-A1BF-907EC8DC0249}.Testing|Any CPU.ActiveCfg = Testing|Any CPU
		{CF7D4DD8-2936-4767-A1BF-907EC8DC0249}.Testing|Any CPU.Build.0 = Testing|Any CPU
		{CF7D4DD8-2936-4767-A1BF-907EC8DC0249}.Testing|Any CPU.Deploy.0 = Testing|Any CPU
		{CF7D4DD8-2936-4767-A1BF-907EC8DC0249}.Testing|Mixed Platforms.ActiveCfg = Testing|Any CPU
		{CF7D4DD8-2936-4767-A1BF-907EC8DC0249}.Testing|Mixed Platforms.Build.0 = Testing|Any CPU
		{CF7D4DD8-2936-4767-A1BF-907EC8DC0249}.Testing|Mixed Platforms.Deploy.0 = Testing|Any CPU
		{CF7D4DD8-2936-4767-A1BF-907EC8DC0249}.Testing|Windows.ActiveCfg = Testing|Any CPU
		{CF7D4DD8-2936-4767-A1BF-907EC8DC0249}.Testing|Windows.Build.0 = Testing|Any CPU
		{CF7D4DD8-2936-4767-A1BF-907EC8DC0249}.Testing|Windows.Deploy.0 = Testing|Any CPU
		{EB842E02-7B3C-4441-87B0-2F6CCD0A8C7F}.AppStore|Any CPU.ActiveCfg = AppStore|Any CPU
		{EB842E02-7B3C-4441-87B0-2F6CCD0A8C7F}.AppStore|Any CPU.Build.0 = AppStore|Any CPU
		{EB842E02-7B3C-4441-87B0-2F6CCD0A8C7F}.AppStore|Mixed Platforms.ActiveCfg = AppStore|Any CPU
		{EB842E02-7B3C-4441-87B0-2F6CCD0A8C7F}.AppStore|Mixed Platforms.Build.0 = AppStore|Any CPU
		{EB842E02-7B3C-4441-87B0-2F6CCD0A8C7F}.AppStore|Windows.ActiveCfg = AppStore|Any CPU
		{EB842E02-7B3C-4441-87B0-2F6CCD0A8C7F}.AppStore|Windows.Build.0 = AppStore|Any CPU
		{EB842E02-7B3C-4441-87B0-2F6CCD0A8C7F}.CoreCLR_Debug|Any CPU.ActiveCfg = CoreCLR_Debug|Any CPU
		{EB842E02-7B3C-4441-87B0-2F6CCD0A8C7F}.CoreCLR_Debug|Any CPU.Build.0 = CoreCLR_Debug|Any CPU
		{EB842E02-7B3C-4441-87B0-2F6CCD0A8C7F}.CoreCLR_Debug|Mixed Platforms.ActiveCfg = CoreCLR_Debug|Any CPU
		{EB842E02-7B3C-4441-87B0-2F6CCD0A8C7F}.CoreCLR_Debug|Mixed Platforms.Build.0 = CoreCLR_Debug|Any CPU
		{EB842E02-7B3C-4441-87B0-2F6CCD0A8C7F}.CoreCLR_Debug|Windows.ActiveCfg = CoreCLR_Debug|Any CPU
		{EB842E02-7B3C-4441-87B0-2F6CCD0A8C7F}.CoreCLR_Debug|Windows.Build.0 = CoreCLR_Debug|Any CPU
		{EB842E02-7B3C-4441-87B0-2F6CCD0A8C7F}.CoreCLR_Release|Any CPU.ActiveCfg = CoreCLR_Release|Any CPU
		{EB842E02-7B3C-4441-87B0-2F6CCD0A8C7F}.CoreCLR_Release|Any CPU.Build.0 = CoreCLR_Release|Any CPU
		{EB842E02-7B3C-4441-87B0-2F6CCD0A8C7F}.CoreCLR_Release|Mixed Platforms.ActiveCfg = CoreCLR_Release|Any CPU
		{EB842E02-7B3C-4441-87B0-2F6CCD0A8C7F}.CoreCLR_Release|Mixed Platforms.Build.0 = CoreCLR_Release|Any CPU
		{EB842E02-7B3C-4441-87B0-2F6CCD0A8C7F}.CoreCLR_Release|Windows.ActiveCfg = CoreCLR_Release|Any CPU
		{EB842E02-7B3C-4441-87B0-2F6CCD0A8C7F}.CoreCLR_Release|Windows.Build.0 = CoreCLR_Release|Any CPU
		{EB842E02-7B3C-4441-87B0-2F6CCD0A8C7F}.Debug|Any CPU.ActiveCfg = Debug|Any CPU
		{EB842E02-7B3C-4441-87B0-2F6CCD0A8C7F}.Debug|Any CPU.Build.0 = Debug|Any CPU
		{EB842E02-7B3C-4441-87B0-2F6CCD0A8C7F}.Debug|Mixed Platforms.ActiveCfg = Debug|Any CPU
		{EB842E02-7B3C-4441-87B0-2F6CCD0A8C7F}.Debug|Mixed Platforms.Build.0 = Debug|Any CPU
		{EB842E02-7B3C-4441-87B0-2F6CCD0A8C7F}.Debug|Windows.ActiveCfg = Debug|Any CPU
		{EB842E02-7B3C-4441-87B0-2F6CCD0A8C7F}.Debug|Windows.Build.0 = Debug|Any CPU
		{EB842E02-7B3C-4441-87B0-2F6CCD0A8C7F}.Release|Any CPU.ActiveCfg = Release|Any CPU
		{EB842E02-7B3C-4441-87B0-2F6CCD0A8C7F}.Release|Any CPU.Build.0 = Release|Any CPU
		{EB842E02-7B3C-4441-87B0-2F6CCD0A8C7F}.Release|Mixed Platforms.ActiveCfg = Release|Any CPU
		{EB842E02-7B3C-4441-87B0-2F6CCD0A8C7F}.Release|Mixed Platforms.Build.0 = Release|Any CPU
		{EB842E02-7B3C-4441-87B0-2F6CCD0A8C7F}.Release|Windows.ActiveCfg = Release|Any CPU
		{EB842E02-7B3C-4441-87B0-2F6CCD0A8C7F}.Release|Windows.Build.0 = Release|Any CPU
		{EB842E02-7B3C-4441-87B0-2F6CCD0A8C7F}.Testing|Any CPU.ActiveCfg = Testing|Any CPU
		{EB842E02-7B3C-4441-87B0-2F6CCD0A8C7F}.Testing|Any CPU.Build.0 = Testing|Any CPU
		{EB842E02-7B3C-4441-87B0-2F6CCD0A8C7F}.Testing|Mixed Platforms.ActiveCfg = Testing|Any CPU
		{EB842E02-7B3C-4441-87B0-2F6CCD0A8C7F}.Testing|Mixed Platforms.Build.0 = Testing|Any CPU
		{EB842E02-7B3C-4441-87B0-2F6CCD0A8C7F}.Testing|Windows.ActiveCfg = Testing|Any CPU
		{EB842E02-7B3C-4441-87B0-2F6CCD0A8C7F}.Testing|Windows.Build.0 = Testing|Any CPU
	EndGlobalSection
	GlobalSection(NestedProjects) = preSolution
		{CF7D4DD8-2936-4767-A1BF-907EC8DC0249} = {42F767C2-0EAF-4E96-AF03-750FE6CCF93A}
		{EB842E02-7B3C-4441-87B0-2F6CCD0A8C7F} = {42F767C2-0EAF-4E96-AF03-750FE6CCF93A}
	EndGlobalSection
EndGlobal
